// !$*UTF8*$!
{
	archiveVersion = 1;
	classes = {
	};
	objectVersion = 50;
	objects = {

/* Begin PBXBuildFile section */
		2E9147172649A72A0088CD18 /* AppDelegate.swift in Sources */ = {isa = PBXBuildFile; fileRef = 2E9147162649A72A0088CD18 /* AppDelegate.swift */; };
		2E9147192649A72A0088CD18 /* SceneDelegate.swift in Sources */ = {isa = PBXBuildFile; fileRef = 2E9147182649A72A0088CD18 /* SceneDelegate.swift */; };
		2E91471B2649A72A0088CD18 /* ListFactsViewController.swift in Sources */ = {isa = PBXBuildFile; fileRef = 2E91471A2649A72A0088CD18 /* ListFactsViewController.swift */; };
		2E91471E2649A72A0088CD18 /* Main.storyboard in Resources */ = {isa = PBXBuildFile; fileRef = 2E91471C2649A72A0088CD18 /* Main.storyboard */; };
		2E9147202649A72C0088CD18 /* Assets.xcassets in Resources */ = {isa = PBXBuildFile; fileRef = 2E91471F2649A72C0088CD18 /* Assets.xcassets */; };
		2E9147232649A72C0088CD18 /* LaunchScreen.storyboard in Resources */ = {isa = PBXBuildFile; fileRef = 2E9147212649A72C0088CD18 /* LaunchScreen.storyboard */; };
		2E91472E2649A72D0088CD18 /* testTests.swift in Sources */ = {isa = PBXBuildFile; fileRef = 2E91472D2649A72D0088CD18 /* testTests.swift */; };
		2E9147392649A72D0088CD18 /* testUITests.swift in Sources */ = {isa = PBXBuildFile; fileRef = 2E9147382649A72D0088CD18 /* testUITests.swift */; };
		2E914893264B12ED0088CD18 /* ViewCodeProtocol.swift in Sources */ = {isa = PBXBuildFile; fileRef = 2E914892264B12ED0088CD18 /* ViewCodeProtocol.swift */; };
		2E9148A1264B13650088CD18 /* ListFactsViewController+UITableViewDataSource.swift in Sources */ = {isa = PBXBuildFile; fileRef = 2E9148A0264B13650088CD18 /* ListFactsViewController+UITableViewDataSource.swift */; };
		2E9148A6264B13760088CD18 /* ListFactsViewController+UITableViewDelegate.swift in Sources */ = {isa = PBXBuildFile; fileRef = 2E9148A5264B13760088CD18 /* ListFactsViewController+UITableViewDelegate.swift */; };
		2E9148AD264B13C00088CD18 /* FactsTableViewCell.swift in Sources */ = {isa = PBXBuildFile; fileRef = 2E9148AB264B13C00088CD18 /* FactsTableViewCell.swift */; };
		2E9148AE264B13C00088CD18 /* FactsTableViewCell.xib in Resources */ = {isa = PBXBuildFile; fileRef = 2E9148AC264B13C00088CD18 /* FactsTableViewCell.xib */; };
		2E9148B6264B13E30088CD18 /* FactModel.swift in Sources */ = {isa = PBXBuildFile; fileRef = 2E9148B5264B13E30088CD18 /* FactModel.swift */; };
		2E9148BE264B15270088CD18 /* Constants.swift in Sources */ = {isa = PBXBuildFile; fileRef = 2E9148BD264B15270088CD18 /* Constants.swift */; };
		2E9148C7264B179E0088CD18 /* UIFont+Extension.swift in Sources */ = {isa = PBXBuildFile; fileRef = 2E9148C6264B179E0088CD18 /* UIFont+Extension.swift */; };
		2E9148CC264B17B60088CD18 /* UIColor+Extension.swift in Sources */ = {isa = PBXBuildFile; fileRef = 2E9148CB264B17B60088CD18 /* UIColor+Extension.swift */; };
		2E9148D2264B18BD0088CD18 /* FontType.swift in Sources */ = {isa = PBXBuildFile; fileRef = 2E9148D1264B18BD0088CD18 /* FontType.swift */; };
		2E9148D9264B342F0088CD18 /* Courier-New.ttf in Resources */ = {isa = PBXBuildFile; fileRef = 2E9148D6264B342F0088CD18 /* Courier-New.ttf */; };
		2E9148DA264B342F0088CD18 /* ChuckNorris.ttf in Resources */ = {isa = PBXBuildFile; fileRef = 2E9148D7264B342F0088CD18 /* ChuckNorris.ttf */; };
		2E9148DB264B342F0088CD18 /* Courier-New-bold.ttf in Resources */ = {isa = PBXBuildFile; fileRef = 2E9148D8264B342F0088CD18 /* Courier-New-bold.ttf */; };
		2EBA33D7264C0E8D00498EAF /* ChuckNorrisProvider.swift in Sources */ = {isa = PBXBuildFile; fileRef = 2EBA33D6264C0E8D00498EAF /* ChuckNorrisProvider.swift */; };
		2EBA33DC264C18BD00498EAF /* Endpoints.swift in Sources */ = {isa = PBXBuildFile; fileRef = 2EBA33DB264C18BD00498EAF /* Endpoints.swift */; };
		2EBA33E1264C256B00498EAF /* ChuckNorrisDataManager.swift in Sources */ = {isa = PBXBuildFile; fileRef = 2EBA33E0264C256B00498EAF /* ChuckNorrisDataManager.swift */; };
		2EBA33E6264C28E500498EAF /* HTTPRequest.swift in Sources */ = {isa = PBXBuildFile; fileRef = 2EBA33E5264C28E500498EAF /* HTTPRequest.swift */; };
		2EBA33EB264C4A1200498EAF /* RequestError.swift in Sources */ = {isa = PBXBuildFile; fileRef = 2EBA33EA264C4A1200498EAF /* RequestError.swift */; };
		2EBA33F1264C569C00498EAF /* ListFactsViewModel.swift in Sources */ = {isa = PBXBuildFile; fileRef = 2EBA33F0264C569C00498EAF /* ListFactsViewModel.swift */; };
		2ECD67FA26502DE50093B8FF /* TagCollectionViewCell.swift in Sources */ = {isa = PBXBuildFile; fileRef = 2ECD67F826502DE50093B8FF /* TagCollectionViewCell.swift */; };
		2ECD67FB26502DE50093B8FF /* TagCollectionViewCell.xib in Resources */ = {isa = PBXBuildFile; fileRef = 2ECD67F926502DE50093B8FF /* TagCollectionViewCell.xib */; };
		2ECD68002652E1F60093B8FF /* ActivityIndicatorProtocol.swift in Sources */ = {isa = PBXBuildFile; fileRef = 2ECD67FF2652E1F60093B8FF /* ActivityIndicatorProtocol.swift */; };
		2ECD6805265316DA0093B8FF /* ShareFactWithFriendsProtocol.swift in Sources */ = {isa = PBXBuildFile; fileRef = 2ECD6804265316DA0093B8FF /* ShareFactWithFriendsProtocol.swift */; };
		2ED7B04D264C59A8003DE646 /* ListFactsViewControllerProtocol.swift in Sources */ = {isa = PBXBuildFile; fileRef = 2ED7B04C264C59A8003DE646 /* ListFactsViewControllerProtocol.swift */; };
		2ED7B052264C59C0003DE646 /* ListFactsViewModelProtocol.swift in Sources */ = {isa = PBXBuildFile; fileRef = 2ED7B051264C59C0003DE646 /* ListFactsViewModelProtocol.swift */; };
		2ED7B05A264C7781003DE646 /* Fact.swift in Sources */ = {isa = PBXBuildFile; fileRef = 2ED7B059264C7781003DE646 /* Fact.swift */; };
		2ED7B072264DC436003DE646 /* ListFactsCoordinator.swift in Sources */ = {isa = PBXBuildFile; fileRef = 2ED7B071264DC436003DE646 /* ListFactsCoordinator.swift */; };
		2ED7B07B264DC454003DE646 /* ListFactsCoordinatorProtocol.swift in Sources */ = {isa = PBXBuildFile; fileRef = 2ED7B07A264DC454003DE646 /* ListFactsCoordinatorProtocol.swift */; };
		2ED7B080264DC47B003DE646 /* Coordinator.swift in Sources */ = {isa = PBXBuildFile; fileRef = 2ED7B07F264DC47B003DE646 /* Coordinator.swift */; };
		2ED7B08A264DC7EF003DE646 /* SearchFactsCoordinator.swift in Sources */ = {isa = PBXBuildFile; fileRef = 2ED7B089264DC7EF003DE646 /* SearchFactsCoordinator.swift */; };
		2ED7B08F264DC7FE003DE646 /* SearchFactsCoordinatorProtocol.swift in Sources */ = {isa = PBXBuildFile; fileRef = 2ED7B08E264DC7FE003DE646 /* SearchFactsCoordinatorProtocol.swift */; };
		2ED7B094264DC97A003DE646 /* SearchFactsViewController.swift in Sources */ = {isa = PBXBuildFile; fileRef = 2ED7B093264DC97A003DE646 /* SearchFactsViewController.swift */; };
		2ED7B099264EB944003DE646 /* SearchFactsViewModel.swift in Sources */ = {isa = PBXBuildFile; fileRef = 2ED7B098264EB944003DE646 /* SearchFactsViewModel.swift */; };
		2ED7B09E264EB97E003DE646 /* SearchFactsViewModelProtocol.swift in Sources */ = {isa = PBXBuildFile; fileRef = 2ED7B09D264EB97E003DE646 /* SearchFactsViewModelProtocol.swift */; };
		2ED7B0A3264EBA0C003DE646 /* SearchFactsViewControllerProtocol.swift in Sources */ = {isa = PBXBuildFile; fileRef = 2ED7B0A2264EBA0C003DE646 /* SearchFactsViewControllerProtocol.swift */; };
		2ED7B0A8264EF33B003DE646 /* SearchFactsViewController+UITableViewDataSource.swift in Sources */ = {isa = PBXBuildFile; fileRef = 2ED7B0A7264EF33A003DE646 /* SearchFactsViewController+UITableViewDataSource.swift */; };
		2ED7B0AD264EF378003DE646 /* SearchFactsViewController+UITableViewDelegate.swift in Sources */ = {isa = PBXBuildFile; fileRef = 2ED7B0AC264EF378003DE646 /* SearchFactsViewController+UITableViewDelegate.swift */; };
		2ED7B0B4264EF83B003DE646 /* CacheProvider.swift in Sources */ = {isa = PBXBuildFile; fileRef = 2ED7B0B3264EF83B003DE646 /* CacheProvider.swift */; };
		2ED7B0B9264EF848003DE646 /* CacheDataManager.swift in Sources */ = {isa = PBXBuildFile; fileRef = 2ED7B0B8264EF848003DE646 /* CacheDataManager.swift */; };
		2ED7B0CC264F0C72003DE646 /* TagsTableViewCell.swift in Sources */ = {isa = PBXBuildFile; fileRef = 2ED7B0CA264F0C72003DE646 /* TagsTableViewCell.swift */; };
		2ED7B0CD264F0C72003DE646 /* TagsTableViewCell.xib in Resources */ = {isa = PBXBuildFile; fileRef = 2ED7B0CB264F0C72003DE646 /* TagsTableViewCell.xib */; };
		2ED7B0D8264F0C9F003DE646 /* PastSearchesTableViewCell.swift in Sources */ = {isa = PBXBuildFile; fileRef = 2ED7B0D6264F0C9F003DE646 /* PastSearchesTableViewCell.swift */; };
		2ED7B0D9264F0C9F003DE646 /* PastSearchesTableViewCell.xib in Resources */ = {isa = PBXBuildFile; fileRef = 2ED7B0D7264F0C9F003DE646 /* PastSearchesTableViewCell.xib */; };
		2ED7B0E6264F0DF6003DE646 /* ArrayString.swift in Sources */ = {isa = PBXBuildFile; fileRef = 2ED7B0E5264F0DF6003DE646 /* ArrayString.swift */; };
		2ED7B0F2264F0FB9003DE646 /* UpcomingDisplayProtocol.swift in Sources */ = {isa = PBXBuildFile; fileRef = 2ED7B0F1264F0FB9003DE646 /* UpcomingDisplayProtocol.swift */; };
/* End PBXBuildFile section */

/* Begin PBXContainerItemProxy section */
		2E91472A2649A72D0088CD18 /* PBXContainerItemProxy */ = {
			isa = PBXContainerItemProxy;
			containerPortal = 2E91470B2649A72A0088CD18 /* Project object */;
			proxyType = 1;
			remoteGlobalIDString = 2E9147122649A72A0088CD18;
			remoteInfo = test;
		};
		2E9147352649A72D0088CD18 /* PBXContainerItemProxy */ = {
			isa = PBXContainerItemProxy;
			containerPortal = 2E91470B2649A72A0088CD18 /* Project object */;
			proxyType = 1;
			remoteGlobalIDString = 2E9147122649A72A0088CD18;
			remoteInfo = test;
		};
/* End PBXContainerItemProxy section */

/* Begin PBXFileReference section */
		2E9147132649A72A0088CD18 /* test.app */ = {isa = PBXFileReference; explicitFileType = wrapper.application; includeInIndex = 0; path = test.app; sourceTree = BUILT_PRODUCTS_DIR; };
		2E9147162649A72A0088CD18 /* AppDelegate.swift */ = {isa = PBXFileReference; lastKnownFileType = sourcecode.swift; path = AppDelegate.swift; sourceTree = "<group>"; };
		2E9147182649A72A0088CD18 /* SceneDelegate.swift */ = {isa = PBXFileReference; lastKnownFileType = sourcecode.swift; path = SceneDelegate.swift; sourceTree = "<group>"; };
		2E91471A2649A72A0088CD18 /* ListFactsViewController.swift */ = {isa = PBXFileReference; lastKnownFileType = sourcecode.swift; path = ListFactsViewController.swift; sourceTree = "<group>"; };
		2E91471D2649A72A0088CD18 /* Base */ = {isa = PBXFileReference; lastKnownFileType = file.storyboard; name = Base; path = Base.lproj/Main.storyboard; sourceTree = "<group>"; };
		2E91471F2649A72C0088CD18 /* Assets.xcassets */ = {isa = PBXFileReference; lastKnownFileType = folder.assetcatalog; path = Assets.xcassets; sourceTree = "<group>"; };
		2E9147222649A72C0088CD18 /* Base */ = {isa = PBXFileReference; lastKnownFileType = file.storyboard; name = Base; path = Base.lproj/LaunchScreen.storyboard; sourceTree = "<group>"; };
		2E9147242649A72C0088CD18 /* Info.plist */ = {isa = PBXFileReference; lastKnownFileType = text.plist.xml; path = Info.plist; sourceTree = "<group>"; };
		2E9147292649A72D0088CD18 /* testTests.xctest */ = {isa = PBXFileReference; explicitFileType = wrapper.cfbundle; includeInIndex = 0; path = testTests.xctest; sourceTree = BUILT_PRODUCTS_DIR; };
		2E91472D2649A72D0088CD18 /* testTests.swift */ = {isa = PBXFileReference; lastKnownFileType = sourcecode.swift; path = testTests.swift; sourceTree = "<group>"; };
		2E91472F2649A72D0088CD18 /* Info.plist */ = {isa = PBXFileReference; lastKnownFileType = text.plist.xml; path = Info.plist; sourceTree = "<group>"; };
		2E9147342649A72D0088CD18 /* testUITests.xctest */ = {isa = PBXFileReference; explicitFileType = wrapper.cfbundle; includeInIndex = 0; path = testUITests.xctest; sourceTree = BUILT_PRODUCTS_DIR; };
		2E9147382649A72D0088CD18 /* testUITests.swift */ = {isa = PBXFileReference; lastKnownFileType = sourcecode.swift; path = testUITests.swift; sourceTree = "<group>"; };
		2E91473A2649A72D0088CD18 /* Info.plist */ = {isa = PBXFileReference; lastKnownFileType = text.plist.xml; path = Info.plist; sourceTree = "<group>"; };
		2E914892264B12ED0088CD18 /* ViewCodeProtocol.swift */ = {isa = PBXFileReference; lastKnownFileType = sourcecode.swift; path = ViewCodeProtocol.swift; sourceTree = "<group>"; };
		2E9148A0264B13650088CD18 /* ListFactsViewController+UITableViewDataSource.swift */ = {isa = PBXFileReference; lastKnownFileType = sourcecode.swift; path = "ListFactsViewController+UITableViewDataSource.swift"; sourceTree = "<group>"; };
		2E9148A5264B13760088CD18 /* ListFactsViewController+UITableViewDelegate.swift */ = {isa = PBXFileReference; lastKnownFileType = sourcecode.swift; path = "ListFactsViewController+UITableViewDelegate.swift"; sourceTree = "<group>"; };
		2E9148AB264B13C00088CD18 /* FactsTableViewCell.swift */ = {isa = PBXFileReference; lastKnownFileType = sourcecode.swift; path = FactsTableViewCell.swift; sourceTree = "<group>"; };
		2E9148AC264B13C00088CD18 /* FactsTableViewCell.xib */ = {isa = PBXFileReference; lastKnownFileType = file.xib; path = FactsTableViewCell.xib; sourceTree = "<group>"; };
		2E9148B5264B13E30088CD18 /* FactModel.swift */ = {isa = PBXFileReference; lastKnownFileType = sourcecode.swift; path = FactModel.swift; sourceTree = "<group>"; };
		2E9148BD264B15270088CD18 /* Constants.swift */ = {isa = PBXFileReference; lastKnownFileType = sourcecode.swift; path = Constants.swift; sourceTree = "<group>"; };
		2E9148C6264B179E0088CD18 /* UIFont+Extension.swift */ = {isa = PBXFileReference; lastKnownFileType = sourcecode.swift; path = "UIFont+Extension.swift"; sourceTree = "<group>"; };
		2E9148CB264B17B60088CD18 /* UIColor+Extension.swift */ = {isa = PBXFileReference; lastKnownFileType = sourcecode.swift; path = "UIColor+Extension.swift"; sourceTree = "<group>"; };
		2E9148D1264B18BD0088CD18 /* FontType.swift */ = {isa = PBXFileReference; lastKnownFileType = sourcecode.swift; path = FontType.swift; sourceTree = "<group>"; };
		2E9148D6264B342F0088CD18 /* Courier-New.ttf */ = {isa = PBXFileReference; lastKnownFileType = file; path = "Courier-New.ttf"; sourceTree = "<group>"; };
		2E9148D7264B342F0088CD18 /* ChuckNorris.ttf */ = {isa = PBXFileReference; lastKnownFileType = file; path = ChuckNorris.ttf; sourceTree = "<group>"; };
		2E9148D8264B342F0088CD18 /* Courier-New-bold.ttf */ = {isa = PBXFileReference; lastKnownFileType = file; path = "Courier-New-bold.ttf"; sourceTree = "<group>"; };
		2EBA33D6264C0E8D00498EAF /* ChuckNorrisProvider.swift */ = {isa = PBXFileReference; lastKnownFileType = sourcecode.swift; path = ChuckNorrisProvider.swift; sourceTree = "<group>"; };
		2EBA33DB264C18BD00498EAF /* Endpoints.swift */ = {isa = PBXFileReference; lastKnownFileType = sourcecode.swift; path = Endpoints.swift; sourceTree = "<group>"; };
		2EBA33E0264C256B00498EAF /* ChuckNorrisDataManager.swift */ = {isa = PBXFileReference; lastKnownFileType = sourcecode.swift; path = ChuckNorrisDataManager.swift; sourceTree = "<group>"; };
		2EBA33E5264C28E500498EAF /* HTTPRequest.swift */ = {isa = PBXFileReference; lastKnownFileType = sourcecode.swift; path = HTTPRequest.swift; sourceTree = "<group>"; };
		2EBA33EA264C4A1200498EAF /* RequestError.swift */ = {isa = PBXFileReference; lastKnownFileType = sourcecode.swift; path = RequestError.swift; sourceTree = "<group>"; };
		2EBA33F0264C569C00498EAF /* ListFactsViewModel.swift */ = {isa = PBXFileReference; lastKnownFileType = sourcecode.swift; path = ListFactsViewModel.swift; sourceTree = "<group>"; };
		2ECD67F826502DE50093B8FF /* TagCollectionViewCell.swift */ = {isa = PBXFileReference; lastKnownFileType = sourcecode.swift; path = TagCollectionViewCell.swift; sourceTree = "<group>"; };
		2ECD67F926502DE50093B8FF /* TagCollectionViewCell.xib */ = {isa = PBXFileReference; lastKnownFileType = file.xib; path = TagCollectionViewCell.xib; sourceTree = "<group>"; };
		2ECD67FF2652E1F60093B8FF /* ActivityIndicatorProtocol.swift */ = {isa = PBXFileReference; lastKnownFileType = sourcecode.swift; path = ActivityIndicatorProtocol.swift; sourceTree = "<group>"; };
		2ECD6804265316DA0093B8FF /* ShareFactWithFriendsProtocol.swift */ = {isa = PBXFileReference; lastKnownFileType = sourcecode.swift; path = ShareFactWithFriendsProtocol.swift; sourceTree = "<group>"; };
		2ED7B04C264C59A8003DE646 /* ListFactsViewControllerProtocol.swift */ = {isa = PBXFileReference; lastKnownFileType = sourcecode.swift; path = ListFactsViewControllerProtocol.swift; sourceTree = "<group>"; };
		2ED7B051264C59C0003DE646 /* ListFactsViewModelProtocol.swift */ = {isa = PBXFileReference; lastKnownFileType = sourcecode.swift; path = ListFactsViewModelProtocol.swift; sourceTree = "<group>"; };
		2ED7B059264C7781003DE646 /* Fact.swift */ = {isa = PBXFileReference; lastKnownFileType = sourcecode.swift; path = Fact.swift; sourceTree = "<group>"; };
		2ED7B071264DC436003DE646 /* ListFactsCoordinator.swift */ = {isa = PBXFileReference; lastKnownFileType = sourcecode.swift; path = ListFactsCoordinator.swift; sourceTree = "<group>"; };
		2ED7B07A264DC454003DE646 /* ListFactsCoordinatorProtocol.swift */ = {isa = PBXFileReference; lastKnownFileType = sourcecode.swift; path = ListFactsCoordinatorProtocol.swift; sourceTree = "<group>"; };
		2ED7B07F264DC47B003DE646 /* Coordinator.swift */ = {isa = PBXFileReference; lastKnownFileType = sourcecode.swift; path = Coordinator.swift; sourceTree = "<group>"; };
		2ED7B089264DC7EF003DE646 /* SearchFactsCoordinator.swift */ = {isa = PBXFileReference; lastKnownFileType = sourcecode.swift; path = SearchFactsCoordinator.swift; sourceTree = "<group>"; };
		2ED7B08E264DC7FE003DE646 /* SearchFactsCoordinatorProtocol.swift */ = {isa = PBXFileReference; lastKnownFileType = sourcecode.swift; path = SearchFactsCoordinatorProtocol.swift; sourceTree = "<group>"; };
		2ED7B093264DC97A003DE646 /* SearchFactsViewController.swift */ = {isa = PBXFileReference; lastKnownFileType = sourcecode.swift; path = SearchFactsViewController.swift; sourceTree = "<group>"; };
		2ED7B098264EB944003DE646 /* SearchFactsViewModel.swift */ = {isa = PBXFileReference; lastKnownFileType = sourcecode.swift; path = SearchFactsViewModel.swift; sourceTree = "<group>"; };
		2ED7B09D264EB97E003DE646 /* SearchFactsViewModelProtocol.swift */ = {isa = PBXFileReference; lastKnownFileType = sourcecode.swift; path = SearchFactsViewModelProtocol.swift; sourceTree = "<group>"; };
		2ED7B0A2264EBA0C003DE646 /* SearchFactsViewControllerProtocol.swift */ = {isa = PBXFileReference; lastKnownFileType = sourcecode.swift; path = SearchFactsViewControllerProtocol.swift; sourceTree = "<group>"; };
		2ED7B0A7264EF33A003DE646 /* SearchFactsViewController+UITableViewDataSource.swift */ = {isa = PBXFileReference; lastKnownFileType = sourcecode.swift; path = "SearchFactsViewController+UITableViewDataSource.swift"; sourceTree = "<group>"; };
		2ED7B0AC264EF378003DE646 /* SearchFactsViewController+UITableViewDelegate.swift */ = {isa = PBXFileReference; lastKnownFileType = sourcecode.swift; path = "SearchFactsViewController+UITableViewDelegate.swift"; sourceTree = "<group>"; };
		2ED7B0B3264EF83B003DE646 /* CacheProvider.swift */ = {isa = PBXFileReference; lastKnownFileType = sourcecode.swift; path = CacheProvider.swift; sourceTree = "<group>"; };
		2ED7B0B8264EF848003DE646 /* CacheDataManager.swift */ = {isa = PBXFileReference; lastKnownFileType = sourcecode.swift; path = CacheDataManager.swift; sourceTree = "<group>"; };
		2ED7B0CA264F0C72003DE646 /* TagsTableViewCell.swift */ = {isa = PBXFileReference; lastKnownFileType = sourcecode.swift; path = TagsTableViewCell.swift; sourceTree = "<group>"; };
		2ED7B0CB264F0C72003DE646 /* TagsTableViewCell.xib */ = {isa = PBXFileReference; lastKnownFileType = file.xib; path = TagsTableViewCell.xib; sourceTree = "<group>"; };
		2ED7B0D6264F0C9F003DE646 /* PastSearchesTableViewCell.swift */ = {isa = PBXFileReference; lastKnownFileType = sourcecode.swift; path = PastSearchesTableViewCell.swift; sourceTree = "<group>"; };
		2ED7B0D7264F0C9F003DE646 /* PastSearchesTableViewCell.xib */ = {isa = PBXFileReference; lastKnownFileType = file.xib; path = PastSearchesTableViewCell.xib; sourceTree = "<group>"; };
		2ED7B0E5264F0DF6003DE646 /* ArrayString.swift */ = {isa = PBXFileReference; lastKnownFileType = sourcecode.swift; path = ArrayString.swift; sourceTree = "<group>"; };
		2ED7B0F1264F0FB9003DE646 /* UpcomingDisplayProtocol.swift */ = {isa = PBXFileReference; lastKnownFileType = sourcecode.swift; path = UpcomingDisplayProtocol.swift; sourceTree = "<group>"; };
/* End PBXFileReference section */

/* Begin PBXFrameworksBuildPhase section */
		2E9147102649A72A0088CD18 /* Frameworks */ = {
			isa = PBXFrameworksBuildPhase;
			buildActionMask = 2147483647;
			files = (
			);
			runOnlyForDeploymentPostprocessing = 0;
		};
		2E9147262649A72D0088CD18 /* Frameworks */ = {
			isa = PBXFrameworksBuildPhase;
			buildActionMask = 2147483647;
			files = (
			);
			runOnlyForDeploymentPostprocessing = 0;
		};
		2E9147312649A72D0088CD18 /* Frameworks */ = {
			isa = PBXFrameworksBuildPhase;
			buildActionMask = 2147483647;
			files = (
			);
			runOnlyForDeploymentPostprocessing = 0;
		};
/* End PBXFrameworksBuildPhase section */

/* Begin PBXGroup section */
		2E91470A2649A72A0088CD18 = {
			isa = PBXGroup;
			children = (
				2E9147152649A72A0088CD18 /* test */,
				2E91472C2649A72D0088CD18 /* testTests */,
				2E9147372649A72D0088CD18 /* testUITests */,
				2E9147142649A72A0088CD18 /* Products */,
			);
			sourceTree = "<group>";
		};
		2E9147142649A72A0088CD18 /* Products */ = {
			isa = PBXGroup;
			children = (
				2E9147132649A72A0088CD18 /* test.app */,
				2E9147292649A72D0088CD18 /* testTests.xctest */,
				2E9147342649A72D0088CD18 /* testUITests.xctest */,
			);
			name = Products;
			sourceTree = "<group>";
		};
		2E9147152649A72A0088CD18 /* test */ = {
			isa = PBXGroup;
			children = (
				2E91488C264B08BA0088CD18 /* Features */,
				2E9148EC264B68740088CD18 /* DataAccessLayer */,
				2E914881264B07AE0088CD18 /* Application */,
				2E914888264B08750088CD18 /* Source */,
				2ED7B0F0264F0F62003DE646 /* BaseModels */,
				2E91488E264B125B0088CD18 /* Utils */,
			);
			path = test;
			sourceTree = "<group>";
		};
		2E91472C2649A72D0088CD18 /* testTests */ = {
			isa = PBXGroup;
			children = (
				2E91472D2649A72D0088CD18 /* testTests.swift */,
				2E91472F2649A72D0088CD18 /* Info.plist */,
			);
			path = testTests;
			sourceTree = "<group>";
		};
		2E9147372649A72D0088CD18 /* testUITests */ = {
			isa = PBXGroup;
			children = (
				2E9147382649A72D0088CD18 /* testUITests.swift */,
				2E91473A2649A72D0088CD18 /* Info.plist */,
			);
			path = testUITests;
			sourceTree = "<group>";
		};
		2E914881264B07AE0088CD18 /* Application */ = {
			isa = PBXGroup;
			children = (
				2E9147162649A72A0088CD18 /* AppDelegate.swift */,
				2E9147182649A72A0088CD18 /* SceneDelegate.swift */,
				2E91471C2649A72A0088CD18 /* Main.storyboard */,
				2E9147212649A72C0088CD18 /* LaunchScreen.storyboard */,
				2E9147242649A72C0088CD18 /* Info.plist */,
			);
			path = Application;
			sourceTree = "<group>";
		};
		2E914888264B08750088CD18 /* Source */ = {
			isa = PBXGroup;
			children = (
				2E9148D0264B185F0088CD18 /* Fonts */,
				2E91471F2649A72C0088CD18 /* Assets.xcassets */,
			);
			path = Source;
			sourceTree = "<group>";
		};
		2E91488C264B08BA0088CD18 /* Features */ = {
			isa = PBXGroup;
			children = (
				2E91488D264B12220088CD18 /* ListFacts */,
				2ED7B084264DC705003DE646 /* SearchFacts */,
			);
			path = Features;
			sourceTree = "<group>";
		};
		2E91488D264B12220088CD18 /* ListFacts */ = {
			isa = PBXGroup;
			children = (
				2E91488F264B12650088CD18 /* View */,
				2EBA33EF264C567800498EAF /* ViewModel */,
				2ED7B070264DC423003DE646 /* Coordinator */,
			);
			path = ListFacts;
			sourceTree = "<group>";
		};
		2E91488E264B125B0088CD18 /* Utils */ = {
			isa = PBXGroup;
			children = (
				2E9148C5264B17770088CD18 /* Extensions */,
				2E914891264B12E00088CD18 /* Common */,
				2E9148BD264B15270088CD18 /* Constants.swift */,
			);
			path = Utils;
			sourceTree = "<group>";
		};
		2E91488F264B12650088CD18 /* View */ = {
			isa = PBXGroup;
			children = (
				2E9148AA264B13A20088CD18 /* Cell */,
				2E91471A2649A72A0088CD18 /* ListFactsViewController.swift */,
				2E9148A0264B13650088CD18 /* ListFactsViewController+UITableViewDataSource.swift */,
				2E9148A5264B13760088CD18 /* ListFactsViewController+UITableViewDelegate.swift */,
				2ED7B04C264C59A8003DE646 /* ListFactsViewControllerProtocol.swift */,
			);
			path = View;
			sourceTree = "<group>";
		};
		2E914891264B12E00088CD18 /* Common */ = {
			isa = PBXGroup;
			children = (
				2E914892264B12ED0088CD18 /* ViewCodeProtocol.swift */,
				2ED7B07F264DC47B003DE646 /* Coordinator.swift */,
				2ECD67FF2652E1F60093B8FF /* ActivityIndicatorProtocol.swift */,
				2ECD6804265316DA0093B8FF /* ShareFactWithFriendsProtocol.swift */,
			);
			path = Common;
			sourceTree = "<group>";
		};
		2E9148AA264B13A20088CD18 /* Cell */ = {
			isa = PBXGroup;
			children = (
				2E9148AB264B13C00088CD18 /* FactsTableViewCell.swift */,
				2E9148AC264B13C00088CD18 /* FactsTableViewCell.xib */,
			);
			path = Cell;
			sourceTree = "<group>";
		};
		2E9148C5264B17770088CD18 /* Extensions */ = {
			isa = PBXGroup;
			children = (
				2E9148C6264B179E0088CD18 /* UIFont+Extension.swift */,
				2E9148CB264B17B60088CD18 /* UIColor+Extension.swift */,
			);
			path = Extensions;
			sourceTree = "<group>";
		};
		2E9148D0264B185F0088CD18 /* Fonts */ = {
			isa = PBXGroup;
			children = (
				2E9148D7264B342F0088CD18 /* ChuckNorris.ttf */,
				2E9148D8264B342F0088CD18 /* Courier-New-bold.ttf */,
				2E9148D6264B342F0088CD18 /* Courier-New.ttf */,
				2E9148D1264B18BD0088CD18 /* FontType.swift */,
			);
			path = Fonts;
			sourceTree = "<group>";
		};
		2E9148EC264B68740088CD18 /* DataAccessLayer */ = {
			isa = PBXGroup;
			children = (
				2ED7B0B2264EF819003DE646 /* Cache */,
				2ED7B0B1264EF7D8003DE646 /* Network */,
			);
			path = DataAccessLayer;
			sourceTree = "<group>";
		};
		2EBA33EF264C567800498EAF /* ViewModel */ = {
			isa = PBXGroup;
			children = (
				2EBA33F0264C569C00498EAF /* ListFactsViewModel.swift */,
				2ED7B051264C59C0003DE646 /* ListFactsViewModelProtocol.swift */,
			);
			path = ViewModel;
			sourceTree = "<group>";
		};
		2ED7B070264DC423003DE646 /* Coordinator */ = {
			isa = PBXGroup;
			children = (
				2ED7B071264DC436003DE646 /* ListFactsCoordinator.swift */,
				2ED7B07A264DC454003DE646 /* ListFactsCoordinatorProtocol.swift */,
			);
			path = Coordinator;
			sourceTree = "<group>";
		};
		2ED7B084264DC705003DE646 /* SearchFacts */ = {
			isa = PBXGroup;
			children = (
				2ED7B088264DC7DA003DE646 /* View */,
				2ED7B087264DC7D0003DE646 /* ViewModel */,
				2ED7B085264DC7AF003DE646 /* Coordinator */,
			);
			path = SearchFacts;
			sourceTree = "<group>";
		};
		2ED7B085264DC7AF003DE646 /* Coordinator */ = {
			isa = PBXGroup;
			children = (
				2ED7B089264DC7EF003DE646 /* SearchFactsCoordinator.swift */,
				2ED7B08E264DC7FE003DE646 /* SearchFactsCoordinatorProtocol.swift */,
			);
			path = Coordinator;
			sourceTree = "<group>";
		};
		2ED7B087264DC7D0003DE646 /* ViewModel */ = {
			isa = PBXGroup;
			children = (
				2ED7B098264EB944003DE646 /* SearchFactsViewModel.swift */,
				2ED7B09D264EB97E003DE646 /* SearchFactsViewModelProtocol.swift */,
			);
			path = ViewModel;
			sourceTree = "<group>";
		};
		2ED7B088264DC7DA003DE646 /* View */ = {
			isa = PBXGroup;
			children = (
				2ED7B0C9264F0C4A003DE646 /* Cell */,
				2ED7B093264DC97A003DE646 /* SearchFactsViewController.swift */,
				2ED7B0A2264EBA0C003DE646 /* SearchFactsViewControllerProtocol.swift */,
				2ED7B0A7264EF33A003DE646 /* SearchFactsViewController+UITableViewDataSource.swift */,
				2ED7B0AC264EF378003DE646 /* SearchFactsViewController+UITableViewDelegate.swift */,
			);
			path = View;
			sourceTree = "<group>";
		};
		2ED7B0B1264EF7D8003DE646 /* Network */ = {
			isa = PBXGroup;
			children = (
				2EBA33D6264C0E8D00498EAF /* ChuckNorrisProvider.swift */,
				2EBA33E0264C256B00498EAF /* ChuckNorrisDataManager.swift */,
				2EBA33DB264C18BD00498EAF /* Endpoints.swift */,
				2EBA33E5264C28E500498EAF /* HTTPRequest.swift */,
				2EBA33EA264C4A1200498EAF /* RequestError.swift */,
			);
			path = Network;
			sourceTree = "<group>";
		};
		2ED7B0B2264EF819003DE646 /* Cache */ = {
			isa = PBXGroup;
			children = (
				2ED7B0B3264EF83B003DE646 /* CacheProvider.swift */,
				2ED7B0B8264EF848003DE646 /* CacheDataManager.swift */,
			);
			path = Cache;
			sourceTree = "<group>";
		};
		2ED7B0C9264F0C4A003DE646 /* Cell */ = {
			isa = PBXGroup;
			children = (
				2ED7B0D4264F0C83003DE646 /* Tags */,
				2ED7B0D5264F0C8F003DE646 /* PastSearches */,
			);
			path = Cell;
			sourceTree = "<group>";
		};
		2ED7B0D4264F0C83003DE646 /* Tags */ = {
			isa = PBXGroup;
			children = (
				2ED7B0CA264F0C72003DE646 /* TagsTableViewCell.swift */,
				2ED7B0CB264F0C72003DE646 /* TagsTableViewCell.xib */,
				2ECD67F826502DE50093B8FF /* TagCollectionViewCell.swift */,
				2ECD67F926502DE50093B8FF /* TagCollectionViewCell.xib */,
			);
			path = Tags;
			sourceTree = "<group>";
		};
		2ED7B0D5264F0C8F003DE646 /* PastSearches */ = {
			isa = PBXGroup;
			children = (
				2ED7B0D6264F0C9F003DE646 /* PastSearchesTableViewCell.swift */,
				2ED7B0D7264F0C9F003DE646 /* PastSearchesTableViewCell.xib */,
			);
			path = PastSearches;
			sourceTree = "<group>";
		};
		2ED7B0F0264F0F62003DE646 /* BaseModels */ = {
			isa = PBXGroup;
			children = (
				2E9148B5264B13E30088CD18 /* FactModel.swift */,
				2ED7B059264C7781003DE646 /* Fact.swift */,
				2ED7B0E5264F0DF6003DE646 /* ArrayString.swift */,
				2ED7B0F1264F0FB9003DE646 /* UpcomingDisplayProtocol.swift */,
			);
			path = BaseModels;
			sourceTree = "<group>";
		};
/* End PBXGroup section */

/* Begin PBXNativeTarget section */
		2E9147122649A72A0088CD18 /* test */ = {
			isa = PBXNativeTarget;
			buildConfigurationList = 2E91473D2649A72D0088CD18 /* Build configuration list for PBXNativeTarget "test" */;
			buildPhases = (
				2E91470F2649A72A0088CD18 /* Sources */,
				2E9147102649A72A0088CD18 /* Frameworks */,
				2E9147112649A72A0088CD18 /* Resources */,
			);
			buildRules = (
			);
			dependencies = (
			);
			name = test;
			productName = test;
			productReference = 2E9147132649A72A0088CD18 /* test.app */;
			productType = "com.apple.product-type.application";
		};
		2E9147282649A72D0088CD18 /* testTests */ = {
			isa = PBXNativeTarget;
			buildConfigurationList = 2E9147402649A72D0088CD18 /* Build configuration list for PBXNativeTarget "testTests" */;
			buildPhases = (
				2E9147252649A72D0088CD18 /* Sources */,
				2E9147262649A72D0088CD18 /* Frameworks */,
				2E9147272649A72D0088CD18 /* Resources */,
			);
			buildRules = (
			);
			dependencies = (
				2E91472B2649A72D0088CD18 /* PBXTargetDependency */,
			);
			name = testTests;
			productName = testTests;
			productReference = 2E9147292649A72D0088CD18 /* testTests.xctest */;
			productType = "com.apple.product-type.bundle.unit-test";
		};
		2E9147332649A72D0088CD18 /* testUITests */ = {
			isa = PBXNativeTarget;
			buildConfigurationList = 2E9147432649A72D0088CD18 /* Build configuration list for PBXNativeTarget "testUITests" */;
			buildPhases = (
				2E9147302649A72D0088CD18 /* Sources */,
				2E9147312649A72D0088CD18 /* Frameworks */,
				2E9147322649A72D0088CD18 /* Resources */,
			);
			buildRules = (
			);
			dependencies = (
				2E9147362649A72D0088CD18 /* PBXTargetDependency */,
			);
			name = testUITests;
			productName = testUITests;
			productReference = 2E9147342649A72D0088CD18 /* testUITests.xctest */;
			productType = "com.apple.product-type.bundle.ui-testing";
		};
/* End PBXNativeTarget section */

/* Begin PBXProject section */
		2E91470B2649A72A0088CD18 /* Project object */ = {
			isa = PBXProject;
			attributes = {
				LastSwiftUpdateCheck = 1220;
				LastUpgradeCheck = 1220;
				TargetAttributes = {
					2E9147122649A72A0088CD18 = {
						CreatedOnToolsVersion = 12.2;
					};
					2E9147282649A72D0088CD18 = {
						CreatedOnToolsVersion = 12.2;
						TestTargetID = 2E9147122649A72A0088CD18;
					};
					2E9147332649A72D0088CD18 = {
						CreatedOnToolsVersion = 12.2;
						TestTargetID = 2E9147122649A72A0088CD18;
					};
				};
			};
			buildConfigurationList = 2E91470E2649A72A0088CD18 /* Build configuration list for PBXProject "test" */;
			compatibilityVersion = "Xcode 9.3";
			developmentRegion = en;
			hasScannedForEncodings = 0;
			knownRegions = (
				en,
				Base,
			);
			mainGroup = 2E91470A2649A72A0088CD18;
			productRefGroup = 2E9147142649A72A0088CD18 /* Products */;
			projectDirPath = "";
			projectRoot = "";
			targets = (
				2E9147122649A72A0088CD18 /* test */,
				2E9147282649A72D0088CD18 /* testTests */,
				2E9147332649A72D0088CD18 /* testUITests */,
			);
		};
/* End PBXProject section */

/* Begin PBXResourcesBuildPhase section */
		2E9147112649A72A0088CD18 /* Resources */ = {
			isa = PBXResourcesBuildPhase;
			buildActionMask = 2147483647;
			files = (
				2ED7B0CD264F0C72003DE646 /* TagsTableViewCell.xib in Resources */,
				2E9148DA264B342F0088CD18 /* ChuckNorris.ttf in Resources */,
				2ED7B0D9264F0C9F003DE646 /* PastSearchesTableViewCell.xib in Resources */,
				2E9147232649A72C0088CD18 /* LaunchScreen.storyboard in Resources */,
				2E9147202649A72C0088CD18 /* Assets.xcassets in Resources */,
				2E91471E2649A72A0088CD18 /* Main.storyboard in Resources */,
				2E9148DB264B342F0088CD18 /* Courier-New-bold.ttf in Resources */,
				2ECD67FB26502DE50093B8FF /* TagCollectionViewCell.xib in Resources */,
				2E9148AE264B13C00088CD18 /* FactsTableViewCell.xib in Resources */,
				2E9148D9264B342F0088CD18 /* Courier-New.ttf in Resources */,
			);
			runOnlyForDeploymentPostprocessing = 0;
		};
		2E9147272649A72D0088CD18 /* Resources */ = {
			isa = PBXResourcesBuildPhase;
			buildActionMask = 2147483647;
			files = (
			);
			runOnlyForDeploymentPostprocessing = 0;
		};
		2E9147322649A72D0088CD18 /* Resources */ = {
			isa = PBXResourcesBuildPhase;
			buildActionMask = 2147483647;
			files = (
			);
			runOnlyForDeploymentPostprocessing = 0;
		};
/* End PBXResourcesBuildPhase section */

/* Begin PBXSourcesBuildPhase section */
		2E91470F2649A72A0088CD18 /* Sources */ = {
			isa = PBXSourcesBuildPhase;
			buildActionMask = 2147483647;
			files = (
				2ED7B099264EB944003DE646 /* SearchFactsViewModel.swift in Sources */,
				2ED7B072264DC436003DE646 /* ListFactsCoordinator.swift in Sources */,
				2EBA33D7264C0E8D00498EAF /* ChuckNorrisProvider.swift in Sources */,
				2ED7B09E264EB97E003DE646 /* SearchFactsViewModelProtocol.swift in Sources */,
				2E91471B2649A72A0088CD18 /* ListFactsViewController.swift in Sources */,
				2ED7B05A264C7781003DE646 /* Fact.swift in Sources */,
				2E9148A1264B13650088CD18 /* ListFactsViewController+UITableViewDataSource.swift in Sources */,
				2ED7B0D8264F0C9F003DE646 /* PastSearchesTableViewCell.swift in Sources */,
				2EBA33DC264C18BD00498EAF /* Endpoints.swift in Sources */,
				2E9148AD264B13C00088CD18 /* FactsTableViewCell.swift in Sources */,
				2E9148CC264B17B60088CD18 /* UIColor+Extension.swift in Sources */,
				2ED7B0A8264EF33B003DE646 /* SearchFactsViewController+UITableViewDataSource.swift in Sources */,
				2ED7B080264DC47B003DE646 /* Coordinator.swift in Sources */,
				2ECD6805265316DA0093B8FF /* ShareFactWithFriendsProtocol.swift in Sources */,
				2ED7B0CC264F0C72003DE646 /* TagsTableViewCell.swift in Sources */,
				2ECD68002652E1F60093B8FF /* ActivityIndicatorProtocol.swift in Sources */,
				2ED7B07B264DC454003DE646 /* ListFactsCoordinatorProtocol.swift in Sources */,
				2ED7B094264DC97A003DE646 /* SearchFactsViewController.swift in Sources */,
				2ED7B052264C59C0003DE646 /* ListFactsViewModelProtocol.swift in Sources */,
				2EBA33E1264C256B00498EAF /* ChuckNorrisDataManager.swift in Sources */,
				2ED7B08A264DC7EF003DE646 /* SearchFactsCoordinator.swift in Sources */,
				2EBA33EB264C4A1200498EAF /* RequestError.swift in Sources */,
				2ED7B0F2264F0FB9003DE646 /* UpcomingDisplayProtocol.swift in Sources */,
				2E9147172649A72A0088CD18 /* AppDelegate.swift in Sources */,
				2E9148A6264B13760088CD18 /* ListFactsViewController+UITableViewDelegate.swift in Sources */,
				2E9148D2264B18BD0088CD18 /* FontType.swift in Sources */,
				2ED7B0E6264F0DF6003DE646 /* ArrayString.swift in Sources */,
				2ED7B0A3264EBA0C003DE646 /* SearchFactsViewControllerProtocol.swift in Sources */,
				2ED7B0B9264EF848003DE646 /* CacheDataManager.swift in Sources */,
				2E9148B6264B13E30088CD18 /* FactModel.swift in Sources */,
				2E9147192649A72A0088CD18 /* SceneDelegate.swift in Sources */,
				2ED7B04D264C59A8003DE646 /* ListFactsViewControllerProtocol.swift in Sources */,
				2ECD67FA26502DE50093B8FF /* TagCollectionViewCell.swift in Sources */,
				2ED7B08F264DC7FE003DE646 /* SearchFactsCoordinatorProtocol.swift in Sources */,
				2EBA33F1264C569C00498EAF /* ListFactsViewModel.swift in Sources */,
				2ED7B0AD264EF378003DE646 /* SearchFactsViewController+UITableViewDelegate.swift in Sources */,
				2E914893264B12ED0088CD18 /* ViewCodeProtocol.swift in Sources */,
				2EBA33E6264C28E500498EAF /* HTTPRequest.swift in Sources */,
				2E9148C7264B179E0088CD18 /* UIFont+Extension.swift in Sources */,
				2ED7B0B4264EF83B003DE646 /* CacheProvider.swift in Sources */,
				2E9148BE264B15270088CD18 /* Constants.swift in Sources */,
			);
			runOnlyForDeploymentPostprocessing = 0;
		};
		2E9147252649A72D0088CD18 /* Sources */ = {
			isa = PBXSourcesBuildPhase;
			buildActionMask = 2147483647;
			files = (
				2E91472E2649A72D0088CD18 /* testTests.swift in Sources */,
			);
			runOnlyForDeploymentPostprocessing = 0;
		};
		2E9147302649A72D0088CD18 /* Sources */ = {
			isa = PBXSourcesBuildPhase;
			buildActionMask = 2147483647;
			files = (
				2E9147392649A72D0088CD18 /* testUITests.swift in Sources */,
			);
			runOnlyForDeploymentPostprocessing = 0;
		};
/* End PBXSourcesBuildPhase section */

/* Begin PBXTargetDependency section */
		2E91472B2649A72D0088CD18 /* PBXTargetDependency */ = {
			isa = PBXTargetDependency;
			target = 2E9147122649A72A0088CD18 /* test */;
			targetProxy = 2E91472A2649A72D0088CD18 /* PBXContainerItemProxy */;
		};
		2E9147362649A72D0088CD18 /* PBXTargetDependency */ = {
			isa = PBXTargetDependency;
			target = 2E9147122649A72A0088CD18 /* test */;
			targetProxy = 2E9147352649A72D0088CD18 /* PBXContainerItemProxy */;
		};
/* End PBXTargetDependency section */

/* Begin PBXVariantGroup section */
		2E91471C2649A72A0088CD18 /* Main.storyboard */ = {
			isa = PBXVariantGroup;
			children = (
				2E91471D2649A72A0088CD18 /* Base */,
			);
			name = Main.storyboard;
			sourceTree = "<group>";
		};
		2E9147212649A72C0088CD18 /* LaunchScreen.storyboard */ = {
			isa = PBXVariantGroup;
			children = (
				2E9147222649A72C0088CD18 /* Base */,
			);
			name = LaunchScreen.storyboard;
			sourceTree = "<group>";
		};
/* End PBXVariantGroup section */

/* Begin XCBuildConfiguration section */
		2E91473B2649A72D0088CD18 /* Debug */ = {
			isa = XCBuildConfiguration;
			buildSettings = {
				ALWAYS_SEARCH_USER_PATHS = NO;
				CLANG_ANALYZER_NONNULL = YES;
				CLANG_ANALYZER_NUMBER_OBJECT_CONVERSION = YES_AGGRESSIVE;
				CLANG_CXX_LANGUAGE_STANDARD = "gnu++14";
				CLANG_CXX_LIBRARY = "libc++";
				CLANG_ENABLE_MODULES = YES;
				CLANG_ENABLE_OBJC_ARC = YES;
				CLANG_ENABLE_OBJC_WEAK = YES;
				CLANG_WARN_BLOCK_CAPTURE_AUTORELEASING = YES;
				CLANG_WARN_BOOL_CONVERSION = YES;
				CLANG_WARN_COMMA = YES;
				CLANG_WARN_CONSTANT_CONVERSION = YES;
				CLANG_WARN_DEPRECATED_OBJC_IMPLEMENTATIONS = YES;
				CLANG_WARN_DIRECT_OBJC_ISA_USAGE = YES_ERROR;
				CLANG_WARN_DOCUMENTATION_COMMENTS = YES;
				CLANG_WARN_EMPTY_BODY = YES;
				CLANG_WARN_ENUM_CONVERSION = YES;
				CLANG_WARN_INFINITE_RECURSION = YES;
				CLANG_WARN_INT_CONVERSION = YES;
				CLANG_WARN_NON_LITERAL_NULL_CONVERSION = YES;
				CLANG_WARN_OBJC_IMPLICIT_RETAIN_SELF = YES;
				CLANG_WARN_OBJC_LITERAL_CONVERSION = YES;
				CLANG_WARN_OBJC_ROOT_CLASS = YES_ERROR;
				CLANG_WARN_QUOTED_INCLUDE_IN_FRAMEWORK_HEADER = YES;
				CLANG_WARN_RANGE_LOOP_ANALYSIS = YES;
				CLANG_WARN_STRICT_PROTOTYPES = YES;
				CLANG_WARN_SUSPICIOUS_MOVE = YES;
				CLANG_WARN_UNGUARDED_AVAILABILITY = YES_AGGRESSIVE;
				CLANG_WARN_UNREACHABLE_CODE = YES;
				CLANG_WARN__DUPLICATE_METHOD_MATCH = YES;
				COPY_PHASE_STRIP = NO;
				DEBUG_INFORMATION_FORMAT = dwarf;
				ENABLE_STRICT_OBJC_MSGSEND = YES;
				ENABLE_TESTABILITY = YES;
				GCC_C_LANGUAGE_STANDARD = gnu11;
				GCC_DYNAMIC_NO_PIC = NO;
				GCC_NO_COMMON_BLOCKS = YES;
				GCC_OPTIMIZATION_LEVEL = 0;
				GCC_PREPROCESSOR_DEFINITIONS = (
					"DEBUG=1",
					"$(inherited)",
				);
				GCC_WARN_64_TO_32_BIT_CONVERSION = YES;
				GCC_WARN_ABOUT_RETURN_TYPE = YES_ERROR;
				GCC_WARN_UNDECLARED_SELECTOR = YES;
				GCC_WARN_UNINITIALIZED_AUTOS = YES_AGGRESSIVE;
				GCC_WARN_UNUSED_FUNCTION = YES;
				GCC_WARN_UNUSED_VARIABLE = YES;
				IPHONEOS_DEPLOYMENT_TARGET = 14.2;
				MTL_ENABLE_DEBUG_INFO = INCLUDE_SOURCE;
				MTL_FAST_MATH = YES;
				ONLY_ACTIVE_ARCH = YES;
				SDKROOT = iphoneos;
				SWIFT_ACTIVE_COMPILATION_CONDITIONS = DEBUG;
				SWIFT_OPTIMIZATION_LEVEL = "-Onone";
			};
			name = Debug;
		};
		2E91473C2649A72D0088CD18 /* Release */ = {
			isa = XCBuildConfiguration;
			buildSettings = {
				ALWAYS_SEARCH_USER_PATHS = NO;
				CLANG_ANALYZER_NONNULL = YES;
				CLANG_ANALYZER_NUMBER_OBJECT_CONVERSION = YES_AGGRESSIVE;
				CLANG_CXX_LANGUAGE_STANDARD = "gnu++14";
				CLANG_CXX_LIBRARY = "libc++";
				CLANG_ENABLE_MODULES = YES;
				CLANG_ENABLE_OBJC_ARC = YES;
				CLANG_ENABLE_OBJC_WEAK = YES;
				CLANG_WARN_BLOCK_CAPTURE_AUTORELEASING = YES;
				CLANG_WARN_BOOL_CONVERSION = YES;
				CLANG_WARN_COMMA = YES;
				CLANG_WARN_CONSTANT_CONVERSION = YES;
				CLANG_WARN_DEPRECATED_OBJC_IMPLEMENTATIONS = YES;
				CLANG_WARN_DIRECT_OBJC_ISA_USAGE = YES_ERROR;
				CLANG_WARN_DOCUMENTATION_COMMENTS = YES;
				CLANG_WARN_EMPTY_BODY = YES;
				CLANG_WARN_ENUM_CONVERSION = YES;
				CLANG_WARN_INFINITE_RECURSION = YES;
				CLANG_WARN_INT_CONVERSION = YES;
				CLANG_WARN_NON_LITERAL_NULL_CONVERSION = YES;
				CLANG_WARN_OBJC_IMPLICIT_RETAIN_SELF = YES;
				CLANG_WARN_OBJC_LITERAL_CONVERSION = YES;
				CLANG_WARN_OBJC_ROOT_CLASS = YES_ERROR;
				CLANG_WARN_QUOTED_INCLUDE_IN_FRAMEWORK_HEADER = YES;
				CLANG_WARN_RANGE_LOOP_ANALYSIS = YES;
				CLANG_WARN_STRICT_PROTOTYPES = YES;
				CLANG_WARN_SUSPICIOUS_MOVE = YES;
				CLANG_WARN_UNGUARDED_AVAILABILITY = YES_AGGRESSIVE;
				CLANG_WARN_UNREACHABLE_CODE = YES;
				CLANG_WARN__DUPLICATE_METHOD_MATCH = YES;
				COPY_PHASE_STRIP = NO;
				DEBUG_INFORMATION_FORMAT = "dwarf-with-dsym";
				ENABLE_NS_ASSERTIONS = NO;
				ENABLE_STRICT_OBJC_MSGSEND = YES;
				GCC_C_LANGUAGE_STANDARD = gnu11;
				GCC_NO_COMMON_BLOCKS = YES;
				GCC_WARN_64_TO_32_BIT_CONVERSION = YES;
				GCC_WARN_ABOUT_RETURN_TYPE = YES_ERROR;
				GCC_WARN_UNDECLARED_SELECTOR = YES;
				GCC_WARN_UNINITIALIZED_AUTOS = YES_AGGRESSIVE;
				GCC_WARN_UNUSED_FUNCTION = YES;
				GCC_WARN_UNUSED_VARIABLE = YES;
				IPHONEOS_DEPLOYMENT_TARGET = 14.2;
				MTL_ENABLE_DEBUG_INFO = NO;
				MTL_FAST_MATH = YES;
				SDKROOT = iphoneos;
				SWIFT_COMPILATION_MODE = wholemodule;
				SWIFT_OPTIMIZATION_LEVEL = "-O";
				VALIDATE_PRODUCT = YES;
			};
			name = Release;
		};
		2E91473E2649A72D0088CD18 /* Debug */ = {
			isa = XCBuildConfiguration;
			buildSettings = {
				ASSETCATALOG_COMPILER_APPICON_NAME = AppIcon;
				ASSETCATALOG_COMPILER_GLOBAL_ACCENT_COLOR_NAME = AccentColor;
				CODE_SIGN_STYLE = Automatic;
				DEVELOPMENT_TEAM = WQRU68WG8V;
				INFOPLIST_FILE = test/Application/Info.plist;
				LD_RUNPATH_SEARCH_PATHS = (
					"$(inherited)",
					"@executable_path/Frameworks",
				);
				PRODUCT_BUNDLE_IDENTIFIER = gomesaline.test;
				PRODUCT_NAME = "$(TARGET_NAME)";
				SWIFT_VERSION = 5.0;
				TARGETED_DEVICE_FAMILY = "1,2";
			};
			name = Debug;
		};
		2E91473F2649A72D0088CD18 /* Release */ = {
			isa = XCBuildConfiguration;
			buildSettings = {
				ASSETCATALOG_COMPILER_APPICON_NAME = AppIcon;
				ASSETCATALOG_COMPILER_GLOBAL_ACCENT_COLOR_NAME = AccentColor;
				CODE_SIGN_STYLE = Automatic;
				DEVELOPMENT_TEAM = WQRU68WG8V;
				INFOPLIST_FILE = test/Application/Info.plist;
				LD_RUNPATH_SEARCH_PATHS = (
					"$(inherited)",
					"@executable_path/Frameworks",
				);
				PRODUCT_BUNDLE_IDENTIFIER = gomesaline.test;
				PRODUCT_NAME = "$(TARGET_NAME)";
				SWIFT_VERSION = 5.0;
				TARGETED_DEVICE_FAMILY = "1,2";
			};
			name = Release;
		};
		2E9147412649A72D0088CD18 /* Debug */ = {
			isa = XCBuildConfiguration;
			buildSettings = {
				ALWAYS_EMBED_SWIFT_STANDARD_LIBRARIES = YES;
				BUNDLE_LOADER = "$(TEST_HOST)";
				CODE_SIGN_STYLE = Automatic;
				DEVELOPMENT_TEAM = WQRU68WG8V;
				INFOPLIST_FILE = testTests/Info.plist;
				IPHONEOS_DEPLOYMENT_TARGET = 14.2;
				LD_RUNPATH_SEARCH_PATHS = (
					"$(inherited)",
					"@executable_path/Frameworks",
					"@loader_path/Frameworks",
				);
				PRODUCT_BUNDLE_IDENTIFIER = gomesaline.testTests;
				PRODUCT_NAME = "$(TARGET_NAME)";
				SWIFT_VERSION = 5.0;
				TARGETED_DEVICE_FAMILY = "1,2";
				TEST_HOST = "$(BUILT_PRODUCTS_DIR)/test.app/test";
			};
			name = Debug;
		};
		2E9147422649A72D0088CD18 /* Release */ = {
			isa = XCBuildConfiguration;
			buildSettings = {
				ALWAYS_EMBED_SWIFT_STANDARD_LIBRARIES = YES;
				BUNDLE_LOADER = "$(TEST_HOST)";
				CODE_SIGN_STYLE = Automatic;
				DEVELOPMENT_TEAM = WQRU68WG8V;
				INFOPLIST_FILE = testTests/Info.plist;
				IPHONEOS_DEPLOYMENT_TARGET = 14.2;
				LD_RUNPATH_SEARCH_PATHS = (
					"$(inherited)",
					"@executable_path/Frameworks",
					"@loader_path/Frameworks",
				);
				PRODUCT_BUNDLE_IDENTIFIER = gomesaline.testTests;
				PRODUCT_NAME = "$(TARGET_NAME)";
				SWIFT_VERSION = 5.0;
				TARGETED_DEVICE_FAMILY = "1,2";
				TEST_HOST = "$(BUILT_PRODUCTS_DIR)/test.app/test";
			};
			name = Release;
		};
		2E9147442649A72D0088CD18 /* Debug */ = {
			isa = XCBuildConfiguration;
			buildSettings = {
				ALWAYS_EMBED_SWIFT_STANDARD_LIBRARIES = YES;
				CODE_SIGN_STYLE = Automatic;
				DEVELOPMENT_TEAM = WQRU68WG8V;
				INFOPLIST_FILE = testUITests/Info.plist;
				LD_RUNPATH_SEARCH_PATHS = (
					"$(inherited)",
					"@executable_path/Frameworks",
					"@loader_path/Frameworks",
				);
				PRODUCT_BUNDLE_IDENTIFIER = gomesaline.testUITests;
				PRODUCT_NAME = "$(TARGET_NAME)";
				SWIFT_VERSION = 5.0;
				TARGETED_DEVICE_FAMILY = "1,2";
				TEST_TARGET_NAME = test;
			};
			name = Debug;
		};
		2E9147452649A72D0088CD18 /* Release */ = {
			isa = XCBuildConfiguration;
			buildSettings = {
				ALWAYS_EMBED_SWIFT_STANDARD_LIBRARIES = YES;
				CODE_SIGN_STYLE = Automatic;
				DEVELOPMENT_TEAM = WQRU68WG8V;
				INFOPLIST_FILE = testUITests/Info.plist;
				LD_RUNPATH_SEARCH_PATHS = (
					"$(inherited)",
					"@executable_path/Frameworks",
					"@loader_path/Frameworks",
				);
				PRODUCT_BUNDLE_IDENTIFIER = gomesaline.testUITests;
				PRODUCT_NAME = "$(TARGET_NAME)";
				SWIFT_VERSION = 5.0;
				TARGETED_DEVICE_FAMILY = "1,2";
				TEST_TARGET_NAME = test;
			};
			name = Release;
		};
/* End XCBuildConfiguration section */

/* Begin XCConfigurationList section */
		2E91470E2649A72A0088CD18 /* Build configuration list for PBXProject "test" */ = {
			isa = XCConfigurationList;
			buildConfigurations = (
				2E91473B2649A72D0088CD18 /* Debug */,
				2E91473C2649A72D0088CD18 /* Release */,
			);
			defaultConfigurationIsVisible = 0;
			defaultConfigurationName = Release;
		};
		2E91473D2649A72D0088CD18 /* Build configuration list for PBXNativeTarget "test" */ = {
			isa = XCConfigurationList;
			buildConfigurations = (
				2E91473E2649A72D0088CD18 /* Debug */,
				2E91473F2649A72D0088CD18 /* Release */,
			);
			defaultConfigurationIsVisible = 0;
			defaultConfigurationName = Release;
		};
		2E9147402649A72D0088CD18 /* Build configuration list for PBXNativeTarget "testTests" */ = {
			isa = XCConfigurationList;
			buildConfigurations = (
				2E9147412649A72D0088CD18 /* Debug */,
				2E9147422649A72D0088CD18 /* Release */,
			);
			defaultConfigurationIsVisible = 0;
			defaultConfigurationName = Release;
		};
		2E9147432649A72D0088CD18 /* Build configuration list for PBXNativeTarget "testUITests" */ = {
			isa = XCConfigurationList;
			buildConfigurations = (
				2E9147442649A72D0088CD18 /* Debug */,
				2E9147452649A72D0088CD18 /* Release */,
			);
			defaultConfigurationIsVisible = 0;
			defaultConfigurationName = Release;
		};
/* End XCConfigurationList section */
	};
	rootObject = 2E91470B2649A72A0088CD18 /* Project object */;
}
